
Microsoft Visual Studio Solution File, Format Version 12.00
# Visual Studio Version 17
VisualStudioVersion = 17.14.36202.13 d17.14
MinimumVisualStudioVersion = 10.0.40219.1
Project("{8BC9CEB8-8B4A-11D0-8D11-00A0C91BC942}") = "SnakeGame", "SnakeGame\SnakeGame.vcxproj", "{91702431-E382-4E21-980C-B311AA4C5611}"
EndProject
Global
	GlobalSection(SolutionConfigurationPlatforms) = preSolution
		Debug|x64 = Debug|x64
		Debug|x86 = Debug|x86
		Release|x64 = Release|x64
		Release|x86 = Release|x86
	EndGlobalSection
	GlobalSection(ProjectConfigurationPlatforms) = postSolution
		{91702431-E382-4E21-980C-B311AA4C5611}.Debug|x64.ActiveCfg = Debug|x64
		{91702431-E382-4E21-980C-B311AA4C5611}.Debug|x64.Build.0 = Debug|x64
		{91702431-E382-4E21-980C-B311AA4C5611}.Debug|x86.ActiveCfg = Debug|Win32
		{91702431-E382-4E21-980C-B311AA4C5611}.Debug|x86.Build.0 = Debug|Win32
		{91702431-E382-4E21-980C-B311AA4C5611}.Release|x64.ActiveCfg = Release|x64
		{91702431-E382-4E21-980C-B311AA4C5611}.Release|x64.Build.0 = Release|x64
		{91702431-E382-4E21-980C-B311AA4C5611}.Release|x86.ActiveCfg = Release|Win32
		{91702431-E382-4E21-980C-B311AA4C5611}.Release|x86.Build.0 = Release|Win32
	EndGlobalSection
	GlobalSection(SolutionProperties) = preSolution
		HideSolutionNode = FALSE
	EndGlobalSection
	GlobalSection(ExtensibilityGlobals) = postSolution
		SolutionGuid = {33BDEAC1-3C0E-4F51-AB07-B035C065F63A}
	EndGlobalSection
EndGlobal
